
Microsoft Visual Studio Solution File, Format Version 12.00
# Visual Studio Version 17
VisualStudioVersion = 17.3.32922.545
MinimumVisualStudioVersion = 10.0.40219.1
Project("{8BC9CEB8-8B4A-11D0-8D11-00A0C91BC942}") = "AP_Lab12.5", "AP_Lab12.5\AP_Lab12.5.vcxproj", "{830A9923-ECD8-4C54-91EB-C36A7BBC7A30}"
EndProject
Project("{2150E333-8FDC-42A3-9474-1A3956D46DE8}") = "Solution Items", "Solution Items", "{A79AE1E4-4011-4A2A-9E4F-7435663DE9BB}"
	ProjectSection(SolutionItems) = preProject
		input.txt = input.txt
		output.txt = output.txt
	EndProjectSection
EndProject
Project("{8BC9CEB8-8B4A-11D0-8D11-00A0C91BC942}") = "UnitTest1", "UnitTest1\UnitTest1.vcxproj", "{8621F20C-D41E-41AF-A8BE-A625F8D4CC45}"
EndProject
Global
	GlobalSection(SolutionConfigurationPlatforms) = preSolution
		Debug|x64 = Debug|x64
		Debug|x86 = Debug|x86
		Release|x64 = Release|x64
		Release|x86 = Release|x86
	EndGlobalSection
	GlobalSection(ProjectConfigurationPlatforms) = postSolution
		{830A9923-ECD8-4C54-91EB-C36A7BBC7A30}.Debug|x64.ActiveCfg = Debug|x64
		{830A9923-ECD8-4C54-91EB-C36A7BBC7A30}.Debug|x64.Build.0 = Debug|x64
		{830A9923-ECD8-4C54-91EB-C36A7BBC7A30}.Debug|x86.ActiveCfg = Debug|Win32
		{830A9923-ECD8-4C54-91EB-C36A7BBC7A30}.Debug|x86.Build.0 = Debug|Win32
		{830A9923-ECD8-4C54-91EB-C36A7BBC7A30}.Release|x64.ActiveCfg = Release|x64
		{830A9923-ECD8-4C54-91EB-C36A7BBC7A30}.Release|x64.Build.0 = Release|x64
		{830A9923-ECD8-4C54-91EB-C36A7BBC7A30}.Release|x86.ActiveCfg = Release|Win32
		{830A9923-ECD8-4C54-91EB-C36A7BBC7A30}.Release|x86.Build.0 = Release|Win32
		{8621F20C-D41E-41AF-A8BE-A625F8D4CC45}.Debug|x64.ActiveCfg = Debug|x64
		{8621F20C-D41E-41AF-A8BE-A625F8D4CC45}.Debug|x64.Build.0 = Debug|x64
		{8621F20C-D41E-41AF-A8BE-A625F8D4CC45}.Debug|x86.ActiveCfg = Debug|Win32
		{8621F20C-D41E-41AF-A8BE-A625F8D4CC45}.Debug|x86.Build.0 = Debug|Win32
		{8621F20C-D41E-41AF-A8BE-A625F8D4CC45}.Release|x64.ActiveCfg = Release|x64
		{8621F20C-D41E-41AF-A8BE-A625F8D4CC45}.Release|x64.Build.0 = Release|x64
		{8621F20C-D41E-41AF-A8BE-A625F8D4CC45}.Release|x86.ActiveCfg = Release|Win32
		{8621F20C-D41E-41AF-A8BE-A625F8D4CC45}.Release|x86.Build.0 = Release|Win32
	EndGlobalSection
	GlobalSection(SolutionProperties) = preSolution
		HideSolutionNode = FALSE
	EndGlobalSection
	GlobalSection(ExtensibilityGlobals) = postSolution
		SolutionGuid = {56CA2AE5-BD03-4DF9-99AA-0A6FB139B355}
	EndGlobalSection
EndGlobal
